
Microsoft Visual Studio Solution File, Format Version 12.00
# Visual Studio Version 17
VisualStudioVersion = 17.5.33516.290
MinimumVisualStudioVersion = 10.0.40219.1
Project("{FAE04EC0-301F-11D3-BF4B-00C04F79EFBC}") = "DZ-Na-TIMER", "DZ-Na-TIMER.csproj", "{B1996A6B-D9A4-4CBA-B58F-E4642307A9D3}"
EndProject
Global
	GlobalSection(SolutionConfigurationPlatforms) = preSolution
		Debug|Any CPU = Debug|Any CPU
		Release|Any CPU = Release|Any CPU
	EndGlobalSection
	GlobalSection(ProjectConfigurationPlatforms) = postSolution
		{B1996A6B-D9A4-4CBA-B58F-E4642307A9D3}.Debug|Any CPU.ActiveCfg = Debug|Any CPU
		{B1996A6B-D9A4-4CBA-B58F-E4642307A9D3}.Debug|Any CPU.Build.0 = Debug|Any CPU
		{B1996A6B-D9A4-4CBA-B58F-E4642307A9D3}.Release|Any CPU.ActiveCfg = Release|Any CPU
		{B1996A6B-D9A4-4CBA-B58F-E4642307A9D3}.Release|Any CPU.Build.0 = Release|Any CPU
	EndGlobalSection
	GlobalSection(SolutionProperties) = preSolution
		HideSolutionNode = FALSE
	EndGlobalSection
	GlobalSection(ExtensibilityGlobals) = postSolution
		SolutionGuid = {3E40D9E4-25CC-42B3-A7BB-5F55D034BA3C}
	EndGlobalSection
EndGlobal
